# THIS IS AN AUTOGENERATED FILE. DO NOT EDIT THIS FILE DIRECTLY.
# yarn lockfile v1


"@babel/runtime@^7.1.2":
  version "7.1.5"
  resolved "http://localhost:8080/@babel/runtime/-/runtime-7.1.5.tgz#4170907641cf1f61508f563ece3725150cc6fe39"
  dependencies:
    regenerator-runtime "^0.12.0"

"@jupyterlab/application@^0.19.1":
  version "0.19.1"
  resolved "http://localhost:8080/@jupyterlab/application/-/application-0.19.1.tgz#2f976a2e140041543f1dcf14a52eb081f7729739"
  dependencies:
    "@jupyterlab/apputils" "^0.19.1"
    "@jupyterlab/coreutils" "^2.2.1"
    "@jupyterlab/docregistry" "^0.19.1"
    "@jupyterlab/rendermime" "^0.19.1"
    "@jupyterlab/rendermime-interfaces" "^1.2.1"
    "@jupyterlab/services" "^3.2.1"
    "@phosphor/algorithm" "^1.1.2"
    "@phosphor/application" "^1.6.0"
    "@phosphor/commands" "^1.6.1"
    "@phosphor/coreutils" "^1.3.0"
    "@phosphor/disposable" "^1.1.2"
    "@phosphor/messaging" "^1.2.2"
    "@phosphor/properties" "^1.1.2"
    "@phosphor/signaling" "^1.2.2"
    "@phosphor/widgets" "^1.6.0"

"@jupyterlab/apputils@^0.19.1":
  version "0.19.1"
  resolved "http://localhost:8080/@jupyterlab/apputils/-/apputils-0.19.1.tgz#673f7e8fecc01ba3a98dd75c5c0f9ca354fe0b69"
  dependencies:
    "@jupyterlab/coreutils" "^2.2.1"
    "@jupyterlab/services" "^3.2.1"
    "@phosphor/algorithm" "^1.1.2"
    "@phosphor/commands" "^1.6.1"
    "@phosphor/coreutils" "^1.3.0"
    "@phosphor/disposable" "^1.1.2"
    "@phosphor/domutils" "^1.1.2"
    "@phosphor/messaging" "^1.2.2"
    "@phosphor/properties" "^1.1.2"
    "@phosphor/signaling" "^1.2.2"
    "@phosphor/virtualdom" "^1.1.2"
    "@phosphor/widgets" "^1.6.0"
    "@types/react" "~16.4.13"
    react "~16.4.2"
    react-dom "~16.4.2"
    sanitize-html "~1.18.2"

"@jupyterlab/codeeditor@^0.19.1":
  version "0.19.1"
  resolved "http://localhost:8080/@jupyterlab/codeeditor/-/codeeditor-0.19.1.tgz#9b268ed914948bd46d93c391542b24cbaea58adc"
  dependencies:
    "@jupyterlab/coreutils" "^2.2.1"
    "@jupyterlab/observables" "^2.1.1"
    "@phosphor/coreutils" "^1.3.0"
    "@phosphor/disposable" "^1.1.2"
    "@phosphor/messaging" "^1.2.2"
    "@phosphor/signaling" "^1.2.2"
    "@phosphor/widgets" "^1.6.0"
    react "~16.4.2"
    react-dom "~16.4.2"

"@jupyterlab/codemirror@^0.19.1":
  version "0.19.1"
  resolved "http://localhost:8080/@jupyterlab/codemirror/-/codemirror-0.19.1.tgz#7eaedcfef666feb15ede66207b4f3967c849afb5"
  dependencies:
    "@jupyterlab/apputils" "^0.19.1"
    "@jupyterlab/codeeditor" "^0.19.1"
    "@jupyterlab/coreutils" "^2.2.1"
    "@jupyterlab/observables" "^2.1.1"
    "@phosphor/algorithm" "^1.1.2"
    "@phosphor/coreutils" "^1.3.0"
    "@phosphor/disposable" "^1.1.2"
    "@phosphor/signaling" "^1.2.2"
    codemirror "~5.39.0"

"@jupyterlab/coreutils@^2.2.1":
  version "2.2.1"
  resolved "http://localhost:8080/@jupyterlab/coreutils/-/coreutils-2.2.1.tgz#c271eaf2f6e468757ba9660f24bd3c3e5d6fe583"
  dependencies:
    "@phosphor/algorithm" "^1.1.2"
    "@phosphor/coreutils" "^1.3.0"
    "@phosphor/disposable" "^1.1.2"
    "@phosphor/signaling" "^1.2.2"
    ajv "~5.1.6"
    comment-json "^1.1.3"
    minimist "~1.2.0"
    moment "~2.21.0"
    path-posix "~1.0.0"
    url-parse "~1.4.3"

"@jupyterlab/docregistry@^0.19.1":
  version "0.19.1"
  resolved "http://localhost:8080/@jupyterlab/docregistry/-/docregistry-0.19.1.tgz#1a8bcddc3eaf22fb25ce499a1f4c818c0c4cf1a0"
  dependencies:
    "@jupyterlab/apputils" "^0.19.1"
    "@jupyterlab/codeeditor" "^0.19.1"
    "@jupyterlab/codemirror" "^0.19.1"
    "@jupyterlab/coreutils" "^2.2.1"
    "@jupyterlab/observables" "^2.1.1"
    "@jupyterlab/rendermime" "^0.19.1"
    "@jupyterlab/rendermime-interfaces" "^1.2.1"
    "@jupyterlab/services" "^3.2.1"
    "@phosphor/algorithm" "^1.1.2"
    "@phosphor/coreutils" "^1.3.0"
    "@phosphor/disposable" "^1.1.2"
    "@phosphor/messaging" "^1.2.2"
    "@phosphor/signaling" "^1.2.2"
    "@phosphor/widgets" "^1.6.0"

"@jupyterlab/observables@^2.1.1":
  version "2.1.1"
  resolved "http://localhost:8080/@jupyterlab/observables/-/observables-2.1.1.tgz#c5d8ad295c5b0bce914a607a342b0af4550b2187"
  dependencies:
    "@phosphor/algorithm" "^1.1.2"
    "@phosphor/coreutils" "^1.3.0"
    "@phosphor/disposable" "^1.1.2"
    "@phosphor/messaging" "^1.2.2"
    "@phosphor/signaling" "^1.2.2"

"@jupyterlab/rendermime-interfaces@^1.2.1":
  version "1.2.1"
  resolved "http://localhost:8080/@jupyterlab/rendermime-interfaces/-/rendermime-interfaces-1.2.1.tgz#702155fea6b87b58ba7025f2f267b72f6e7057f3"
  dependencies:
    "@phosphor/coreutils" "^1.3.0"
    "@phosphor/widgets" "^1.6.0"

"@jupyterlab/rendermime@^0.19.1":
  version "0.19.1"
  resolved "http://localhost:8080/@jupyterlab/rendermime/-/rendermime-0.19.1.tgz#e5ca8f73cf9f6178ad5e76f18dbacb25c849bb80"
  dependencies:
    "@jupyterlab/apputils" "^0.19.1"
    "@jupyterlab/codemirror" "^0.19.1"
    "@jupyterlab/coreutils" "^2.2.1"
    "@jupyterlab/observables" "^2.1.1"
    "@jupyterlab/rendermime-interfaces" "^1.2.1"
    "@jupyterlab/services" "^3.2.1"
    "@phosphor/algorithm" "^1.1.2"
    "@phosphor/coreutils" "^1.3.0"
    "@phosphor/messaging" "^1.2.2"
    "@phosphor/signaling" "^1.2.2"
    "@phosphor/widgets" "^1.6.0"
    ansi_up "^3.0.0"
    marked "~0.4.0"

"@jupyterlab/services@^3.2.1":
  version "3.2.1"
  resolved "http://localhost:8080/@jupyterlab/services/-/services-3.2.1.tgz#e8d9329ed73f794909f786d22c5e94b07beb041b"
  dependencies:
    "@jupyterlab/coreutils" "^2.2.1"
    "@jupyterlab/observables" "^2.1.1"
    "@phosphor/algorithm" "^1.1.2"
    "@phosphor/coreutils" "^1.3.0"
    "@phosphor/disposable" "^1.1.2"
    "@phosphor/signaling" "^1.2.2"

"@phosphor/algorithm@^1.1.2":
  version "1.1.2"
  resolved "http://localhost:8080/@phosphor/algorithm/-/algorithm-1.1.2.tgz#fd1de9104c9a7f34e92864586ddf2e7f2e7779e8"

"@phosphor/application@^1.6.0":
  version "1.6.0"
  resolved "http://localhost:8080/@phosphor/application/-/application-1.6.0.tgz#e1f1bf300680f982881d222a77b24ba8589d3fa2"
  dependencies:
    "@phosphor/commands" "^1.5.0"
    "@phosphor/coreutils" "^1.3.0"
    "@phosphor/widgets" "^1.6.0"

"@phosphor/collections@^1.1.2":
  version "1.1.2"
  resolved "http://localhost:8080/@phosphor/collections/-/collections-1.1.2.tgz#c4c0b8b91129905fb36a9f243f2dbbde462dab8d"
  dependencies:
    "@phosphor/algorithm" "^1.1.2"

"@phosphor/commands@^1.5.0", "@phosphor/commands@^1.6.1":
  version "1.6.1"
  resolved "http://localhost:8080/@phosphor/commands/-/commands-1.6.1.tgz#6f60c2a3b759316cd1363b426df3b4036bb2c7fd"
  dependencies:
    "@phosphor/algorithm" "^1.1.2"
    "@phosphor/coreutils" "^1.3.0"
    "@phosphor/disposable" "^1.1.2"
    "@phosphor/domutils" "^1.1.2"
    "@phosphor/keyboard" "^1.1.2"
    "@phosphor/signaling" "^1.2.2"

"@phosphor/coreutils@^1.3.0":
  version "1.3.0"
  resolved "http://localhost:8080/@phosphor/coreutils/-/coreutils-1.3.0.tgz#63292d381c012c5ab0d0196e83ced829b7e04a42"

"@phosphor/disposable@^1.1.2":
  version "1.1.2"
  resolved "http://localhost:8080/@phosphor/disposable/-/disposable-1.1.2.tgz#a192dd6a2e6c69d5d09d39ecf334dab93778060e"
  dependencies:
    "@phosphor/algorithm" "^1.1.2"

"@phosphor/domutils@^1.1.2":
  version "1.1.2"
  resolved "http://localhost:8080/@phosphor/domutils/-/domutils-1.1.2.tgz#e2efeb052f398c42b93b89e9bab26af15cc00514"

"@phosphor/dragdrop@^1.3.0":
  version "1.3.0"
  resolved "http://localhost:8080/@phosphor/dragdrop/-/dragdrop-1.3.0.tgz#7ce6ad39d6ca216d62a56f78104d02a77ae67307"
  dependencies:
    "@phosphor/coreutils" "^1.3.0"
    "@phosphor/disposable" "^1.1.2"

"@phosphor/keyboard@^1.1.2":
  version "1.1.2"
  resolved "http://localhost:8080/@phosphor/keyboard/-/keyboard-1.1.2.tgz#3e32234451764240a98e148034d5a8797422dd1f"

"@phosphor/messaging@^1.2.2":
  version "1.2.2"
  resolved "http://localhost:8080/@phosphor/messaging/-/messaging-1.2.2.tgz#7d896ddd3797b94a347708ded13da5783db75c14"
  dependencies:
    "@phosphor/algorithm" "^1.1.2"
    "@phosphor/collections" "^1.1.2"

"@phosphor/properties@^1.1.2":
  version "1.1.2"
  resolved "http://localhost:8080/@phosphor/properties/-/properties-1.1.2.tgz#78cc77eff452839da02255de48e814946cc09a28"

"@phosphor/signaling@^1.2.2":
  version "1.2.2"
  resolved "http://localhost:8080/@phosphor/signaling/-/signaling-1.2.2.tgz#3fcf97ca88e38bfb357fe8fe6bf7513347a514a9"
  dependencies:
    "@phosphor/algorithm" "^1.1.2"

"@phosphor/virtualdom@^1.1.2":
  version "1.1.2"
  resolved "http://localhost:8080/@phosphor/virtualdom/-/virtualdom-1.1.2.tgz#ce55c86eef31e5d0e26b1dc96ea32bd684458f41"
  dependencies:
    "@phosphor/algorithm" "^1.1.2"

"@phosphor/widgets@^1.6.0":
  version "1.6.0"
  resolved "http://localhost:8080/@phosphor/widgets/-/widgets-1.6.0.tgz#ebba8008b6b13247d03e73e5f3872c90d2c9c78f"
  dependencies:
    "@phosphor/algorithm" "^1.1.2"
    "@phosphor/commands" "^1.5.0"
    "@phosphor/coreutils" "^1.3.0"
    "@phosphor/disposable" "^1.1.2"
    "@phosphor/domutils" "^1.1.2"
    "@phosphor/dragdrop" "^1.3.0"
    "@phosphor/keyboard" "^1.1.2"
    "@phosphor/messaging" "^1.2.2"
    "@phosphor/properties" "^1.1.2"
    "@phosphor/signaling" "^1.2.2"
    "@phosphor/virtualdom" "^1.1.2"

"@types/prop-types@*":
  version "15.5.6"
  resolved "http://localhost:8080/@types/prop-types/-/prop-types-15.5.6.tgz#9c03d3fed70a8d517c191b7734da2879b50ca26c"

"@types/react@~16.4.13":
  version "16.4.18"
  resolved "http://localhost:8080/@types/react/-/react-16.4.18.tgz#2e28a2e7f92d3fa7d6a65f2b73275c3e3138a13d"
  dependencies:
    "@types/prop-types" "*"
    csstype "^2.2.0"

ajv@~5.1.6:
  version "5.1.6"
  resolved "http://localhost:8080/ajv/-/ajv-5.1.6.tgz#4b2f1a19dece93d57ac216037e3e9791c7dd1564"
  dependencies:
    co "^4.6.0"
    json-schema-traverse "^0.3.0"
    json-stable-stringify "^1.0.1"

ansi-styles@^3.2.1:
  version "3.2.1"
  resolved "http://localhost:8080/ansi-styles/-/ansi-styles-3.2.1.tgz#41fbb20243e50b12be0f04b8dedbf07520ce841d"
  dependencies:
    color-convert "^1.9.0"

ansi_up@^3.0.0:
  version "3.0.0"
  resolved "http://localhost:8080/ansi_up/-/ansi_up-3.0.0.tgz#27f45d8f457d9ceff59e4ea03c8e6f13c1a303e8"

array-uniq@^1.0.2:
  version "1.0.3"
  resolved "http://localhost:8080/array-uniq/-/array-uniq-1.0.3.tgz#af6ac877a25cc7f74e058894753858dfdb24fdb6"

asap@~2.0.3:
  version "2.0.6"
  resolved "http://localhost:8080/asap/-/asap-2.0.6.tgz#e50347611d7e690943208bbdafebcbc2fb866d46"

balanced-match@^1.0.0:
  version "1.0.0"
  resolved "http://localhost:8080/balanced-match/-/balanced-match-1.0.0.tgz#89b4d199ab2bee49de164ea02b89ce462d71b767"

brace-expansion@^1.1.7:
  version "1.1.11"
  resolved "http://localhost:8080/brace-expansion/-/brace-expansion-1.1.11.tgz#3c7fcbf529d87226f3d2f52b966ff5271eb441dd"
  dependencies:
    balanced-match "^1.0.0"
    concat-map "0.0.1"

chalk@^2.3.0, chalk@^2.4.1:
  version "2.4.1"
  resolved "http://localhost:8080/chalk/-/chalk-2.4.1.tgz#18c49ab16a037b6eb0152cc83e3471338215b66e"
  dependencies:
    ansi-styles "^3.2.1"
    escape-string-regexp "^1.0.5"
    supports-color "^5.3.0"

ci-info@^1.5.0:
  version "1.6.0"
  resolved "http://localhost:8080/ci-info/-/ci-info-1.6.0.tgz#2ca20dbb9ceb32d4524a683303313f0304b1e497"

classnames@^2.2.6:
  version "2.2.6"
  resolved "http://localhost:8080/classnames/-/classnames-2.2.6.tgz#43935bffdd291f326dad0a205309b38d00f650ce"

co@^4.6.0:
  version "4.6.0"
  resolved "http://localhost:8080/co/-/co-4.6.0.tgz#6ea6bdf3d853ae54ccb8e47bfa0bf3f9031fb184"

codemirror@~5.39.0:
  version "5.39.2"
  resolved "http://localhost:8080/codemirror/-/codemirror-5.39.2.tgz#778aa13b55ebf280745c309cb1b148e3fc06f698"

color-convert@^1.9.0:
  version "1.9.3"
  resolved "http://localhost:8080/color-convert/-/color-convert-1.9.3.tgz#bb71850690e1f136567de629d2d5471deda4c1e8"
  dependencies:
    color-name "1.1.3"

color-name@1.1.3:
  version "1.1.3"
  resolved "http://localhost:8080/color-name/-/color-name-1.1.3.tgz#a7d0558bd89c42f795dd42328f740831ca53bc25"

comment-json@^1.1.3:
  version "1.1.3"
  resolved "http://localhost:8080/comment-json/-/comment-json-1.1.3.tgz#6986c3330fee0c4c9e00c2398cd61afa5d8f239e"
  dependencies:
    json-parser "^1.0.0"

concat-map@0.0.1:
  version "0.0.1"
  resolved "http://localhost:8080/concat-map/-/concat-map-0.0.1.tgz#d8a96bd77fd68df7793a73036a3ba0d5405d477b"

core-js@^1.0.0:
  version "1.2.7"
  resolved "http://localhost:8080/core-js/-/core-js-1.2.7.tgz#652294c14651db28fa93bd2d5ff2983a4f08c636"

cross-spawn@^5.0.1:
  version "5.1.0"
  resolved "http://localhost:8080/cross-spawn/-/cross-spawn-5.1.0.tgz#e8bd0efee58fcff6f8f94510a0a554bbfa235449"
  dependencies:
    lru-cache "^4.0.1"
    shebang-command "^1.2.0"
    which "^1.2.9"

csstype@^2.2.0:
  version "2.5.7"
  resolved "http://localhost:8080/csstype/-/csstype-2.5.7.tgz#bf9235d5872141eccfb2d16d82993c6b149179ff"

dom-helpers@^3.3.1:
  version "3.4.0"
  resolved "http://localhost:8080/dom-helpers/-/dom-helpers-3.4.0.tgz#e9b369700f959f62ecde5a6babde4bccd9169af8"
  dependencies:
    "@babel/runtime" "^7.1.2"

dom-serializer@0:
  version "0.1.0"
  resolved "http://localhost:8080/dom-serializer/-/dom-serializer-0.1.0.tgz#073c697546ce0780ce23be4a28e293e40bc30c82"
  dependencies:
    domelementtype "~1.1.1"
    entities "~1.1.1"

domelementtype@1:
  version "1.2.1"
  resolved "http://localhost:8080/domelementtype/-/domelementtype-1.2.1.tgz#578558ef23befac043a1abb0db07635509393479"

domelementtype@^1.3.0:
  version "1.3.0"
  resolved "http://localhost:8080/domelementtype/-/domelementtype-1.3.0.tgz#b17aed82e8ab59e52dd9c19b1756e0fc187204c2"

domelementtype@~1.1.1:
  version "1.1.3"
  resolved "http://localhost:8080/domelementtype/-/domelementtype-1.1.3.tgz#bd28773e2642881aec51544924299c5cd822185b"

domhandler@^2.3.0:
  version "2.4.2"
  resolved "http://localhost:8080/domhandler/-/domhandler-2.4.2.tgz#8805097e933d65e85546f726d60f5eb88b44f803"
  dependencies:
    domelementtype "1"

domutils@^1.5.1:
  version "1.7.0"
  resolved "http://localhost:8080/domutils/-/domutils-1.7.0.tgz#56ea341e834e06e6748af7a1cb25da67ea9f8c2a"
  dependencies:
    dom-serializer "0"
    domelementtype "1"

encoding@^0.1.11:
  version "0.1.12"
  resolved "http://localhost:8080/encoding/-/encoding-0.1.12.tgz#538b66f3ee62cd1ab51ec323829d1f9480c74beb"
  dependencies:
    iconv-lite "~0.4.13"

entities@^1.1.1, entities@~1.1.1:
  version "1.1.2"
  resolved "http://localhost:8080/entities/-/entities-1.1.2.tgz#bdfa735299664dfafd34529ed4f8522a275fea56"

escape-string-regexp@^1.0.5:
  version "1.0.5"
  resolved "http://localhost:8080/escape-string-regexp/-/escape-string-regexp-1.0.5.tgz#1b61c0562190a8dff6ae3bb2cf0200ca130b86d4"

esprima@^2.7.0:
  version "2.7.3"
  resolved "http://localhost:8080/esprima/-/esprima-2.7.3.tgz#96e3b70d5779f6ad49cd032673d1c312767ba581"

execa@^0.8.0:
  version "0.8.0"
  resolved "http://localhost:8080/execa/-/execa-0.8.0.tgz#d8d76bbc1b55217ed190fd6dd49d3c774ecfc8da"
  dependencies:
    cross-spawn "^5.0.1"
    get-stream "^3.0.0"
    is-stream "^1.1.0"
    npm-run-path "^2.0.0"
    p-finally "^1.0.0"
    signal-exit "^3.0.0"
    strip-eof "^1.0.0"

fbjs@^0.8.16:
  version "0.8.17"
  resolved "http://localhost:8080/fbjs/-/fbjs-0.8.17.tgz#c4d598ead6949112653d6588b01a5cdcd9f90fdd"
  dependencies:
    core-js "^1.0.0"
    isomorphic-fetch "^2.1.1"
    loose-envify "^1.0.0"
    object-assign "^4.1.0"
    promise "^7.1.1"
    setimmediate "^1.0.5"
    ua-parser-js "^0.7.18"

find-up@^2.1.0:
  version "2.1.0"
  resolved "http://localhost:8080/find-up/-/find-up-2.1.0.tgz#45d1b7e506c717ddd482775a2b77920a3c0c57a7"
  dependencies:
    locate-path "^2.0.0"

fs.realpath@^1.0.0:
  version "1.0.0"
  resolved "http://localhost:8080/fs.realpath/-/fs.realpath-1.0.0.tgz#1504ad2523158caa40db4a2787cb01411994ea4f"

get-stream@^3.0.0:
  version "3.0.0"
  resolved "http://localhost:8080/get-stream/-/get-stream-3.0.0.tgz#8e943d1358dc37555054ecbe2edb05aa174ede14"

glob@^7.0.5:
  version "7.1.3"
  resolved "http://localhost:8080/glob/-/glob-7.1.3.tgz#3960832d3f1574108342dafd3a67b332c0969df1"
  dependencies:
    fs.realpath "^1.0.0"
    inflight "^1.0.4"
    inherits "2"
    minimatch "^3.0.4"
    once "^1.3.0"
    path-is-absolute "^1.0.0"

has-flag@^3.0.0:
  version "3.0.0"
  resolved "http://localhost:8080/has-flag/-/has-flag-3.0.0.tgz#b5d454dc2199ae225699f3467e5a07f3b955bafd"

htmlparser2@^3.9.0:
  version "3.10.0"
  resolved "http://localhost:8080/htmlparser2/-/htmlparser2-3.10.0.tgz#5f5e422dcf6119c0d983ed36260ce9ded0bee464"
  dependencies:
    domelementtype "^1.3.0"
    domhandler "^2.3.0"
    domutils "^1.5.1"
    entities "^1.1.1"
    inherits "^2.0.1"
    readable-stream "^3.0.6"

husky@^0.14.3:
  version "0.14.3"
  resolved "http://localhost:8080/husky/-/husky-0.14.3.tgz#c69ed74e2d2779769a17ba8399b54ce0b63c12c3"
  dependencies:
    is-ci "^1.0.10"
    normalize-path "^1.0.0"
    strip-indent "^2.0.0"

iconv-lite@~0.4.13:
  version "0.4.24"
  resolved "http://localhost:8080/iconv-lite/-/iconv-lite-0.4.24.tgz#2022b4b25fbddc21d2f524974a474aafe733908b"
  dependencies:
    safer-buffer ">= 2.1.2 < 3"

ignore@^3.3.7:
  version "3.3.10"
  resolved "http://localhost:8080/ignore/-/ignore-3.3.10.tgz#0a97fb876986e8081c631160f8f9f389157f0043"

inflight@^1.0.4:
  version "1.0.6"
  resolved "http://localhost:8080/inflight/-/inflight-1.0.6.tgz#49bd6331d7d02d0c09bc910a1075ba8165b56df9"
  dependencies:
    once "^1.3.0"
    wrappy "1"

inherits@2, inherits@^2.0.1, inherits@^2.0.3:
  version "2.0.3"
  resolved "http://localhost:8080/inherits/-/inherits-2.0.3.tgz#633c2c83e3da42a502f52466022480f4208261de"

is-ci@^1.0.10:
  version "1.2.1"
  resolved "http://localhost:8080/is-ci/-/is-ci-1.2.1.tgz#e3779c8ee17fccf428488f6e281187f2e632841c"
  dependencies:
    ci-info "^1.5.0"

is-stream@^1.0.1, is-stream@^1.1.0:
  version "1.1.0"
  resolved "http://localhost:8080/is-stream/-/is-stream-1.1.0.tgz#12d4a3dd4e68e0b79ceb8dbc84173ae80d91ca44"

isexe@^2.0.0:
  version "2.0.0"
  resolved "http://localhost:8080/isexe/-/isexe-2.0.0.tgz#e8fbf374dc556ff8947a10dcb0572d633f2cfa10"

isomorphic-fetch@^2.1.1:
  version "2.2.1"
  resolved "http://localhost:8080/isomorphic-fetch/-/isomorphic-fetch-2.2.1.tgz#611ae1acf14f5e81f729507472819fe9733558a9"
  dependencies:
    node-fetch "^1.0.1"
    whatwg-fetch ">=0.10.0"

"js-tokens@^3.0.0 || ^4.0.0":
  version "4.0.0"
  resolved "http://localhost:8080/js-tokens/-/js-tokens-4.0.0.tgz#19203fb59991df98e3a287050d4647cdeaf32499"

json-parser@^1.0.0:
  version "1.1.5"
  resolved "http://localhost:8080/json-parser/-/json-parser-1.1.5.tgz#e62ec5261d1a6a5fc20e812a320740c6d9005677"
  dependencies:
    esprima "^2.7.0"

json-schema-traverse@^0.3.0:
  version "0.3.1"
  resolved "http://localhost:8080/json-schema-traverse/-/json-schema-traverse-0.3.1.tgz#349a6d44c53a51de89b40805c5d5e59b417d3340"

json-stable-stringify@^1.0.1:
  version "1.0.1"
  resolved "http://localhost:8080/json-stable-stringify/-/json-stable-stringify-1.0.1.tgz#9a759d39c5f2ff503fd5300646ed445f88c4f9af"
  dependencies:
    jsonify "~0.0.0"

jsonify@~0.0.0:
  version "0.0.0"
  resolved "http://localhost:8080/jsonify/-/jsonify-0.0.0.tgz#2c74b6ee41d93ca51b7b5aaee8f503631d252a73"

locate-path@^2.0.0:
  version "2.0.0"
  resolved "http://localhost:8080/locate-path/-/locate-path-2.0.0.tgz#2b568b265eec944c6d9c0de9c3dbbbca0354cd8e"
  dependencies:
    p-locate "^2.0.0"
    path-exists "^3.0.0"

lodash.clonedeep@^4.5.0:
  version "4.5.0"
  resolved "http://localhost:8080/lodash.clonedeep/-/lodash.clonedeep-4.5.0.tgz#e23f3f9c4f8fbdde872529c1071857a086e5ccef"

lodash.escaperegexp@^4.1.2:
  version "4.1.2"
  resolved "http://localhost:8080/lodash.escaperegexp/-/lodash.escaperegexp-4.1.2.tgz#64762c48618082518ac3df4ccf5d5886dae20347"

lodash.isplainobject@^4.0.6:
  version "4.0.6"
  resolved "http://localhost:8080/lodash.isplainobject/-/lodash.isplainobject-4.0.6.tgz#7c526a52d89b45c45cc690b88163be0497f550cb"

lodash.isstring@^4.0.1:
  version "4.0.1"
  resolved "http://localhost:8080/lodash.isstring/-/lodash.isstring-4.0.1.tgz#d527dfb5456eca7cc9bb95d5daeaf88ba54a5451"

lodash.mergewith@^4.6.0:
  version "4.6.1"
  resolved "http://localhost:8080/lodash.mergewith/-/lodash.mergewith-4.6.1.tgz#639057e726c3afbdb3e7d42741caa8d6e4335927"

loose-envify@^1.0.0, loose-envify@^1.1.0, loose-envify@^1.3.1, loose-envify@^1.4.0:
  version "1.4.0"
  resolved "http://localhost:8080/loose-envify/-/loose-envify-1.4.0.tgz#71ee51fa7be4caec1a63839f7e682d8132d30caf"
  dependencies:
    js-tokens "^3.0.0 || ^4.0.0"

lru-cache@^4.0.1:
  version "4.1.5"
  resolved "http://localhost:8080/lru-cache/-/lru-cache-4.1.5.tgz#8bbe50ea85bed59bc9e33dcab8235ee9bcf443cd"
  dependencies:
    pseudomap "^1.0.2"
    yallist "^2.1.2"

marked@~0.4.0:
  version "0.4.0"
  resolved "http://localhost:8080/marked/-/marked-0.4.0.tgz#9ad2c2a7a1791f10a852e0112f77b571dce10c66"

minimatch@^3.0.4:
  version "3.0.4"
  resolved "http://localhost:8080/minimatch/-/minimatch-3.0.4.tgz#5166e286457f03306064be5497e8dbb0c3d32083"
  dependencies:
    brace-expansion "^1.1.7"

minimist@~1.2.0:
  version "1.2.0"
  resolved "http://localhost:8080/minimist/-/minimist-1.2.0.tgz#a35008b20f41383eec1fb914f4cd5df79a264284"

moment@~2.21.0:
  version "2.21.0"
  resolved "http://localhost:8080/moment/-/moment-2.21.0.tgz#2a114b51d2a6ec9e6d83cf803f838a878d8a023a"

mri@^1.1.0:
  version "1.1.1"
  resolved "http://localhost:8080/mri/-/mri-1.1.1.tgz#85aa26d3daeeeedf80dc5984af95cc5ca5cad9f1"

node-fetch@^1.0.1:
  version "1.7.3"
  resolved "http://localhost:8080/node-fetch/-/node-fetch-1.7.3.tgz#980f6f72d85211a5347c6b2bc18c5b84c3eb47ef"
  dependencies:
    encoding "^0.1.11"
    is-stream "^1.0.1"

normalize-path@^1.0.0:
  version "1.0.0"
  resolved "http://localhost:8080/normalize-path/-/normalize-path-1.0.0.tgz#32d0e472f91ff345701c15a8311018d3b0a90379"

npm-run-path@^2.0.0:
  version "2.0.2"
  resolved "http://localhost:8080/npm-run-path/-/npm-run-path-2.0.2.tgz#35a9232dfa35d7067b4cb2ddf2357b1871536c5f"
  dependencies:
    path-key "^2.0.0"

number-is-nan@^1.0.0:
  version "1.0.1"
  resolved "http://localhost:8080/number-is-nan/-/number-is-nan-1.0.1.tgz#097b602b53422a522c1afb8790318336941a011d"

object-assign@^4.1.0, object-assign@^4.1.1:
  version "4.1.1"
  resolved "http://localhost:8080/object-assign/-/object-assign-4.1.1.tgz#2109adc7965887cfc05cbbd442cac8bfbb360863"

once@^1.3.0:
  version "1.4.0"
  resolved "http://localhost:8080/once/-/once-1.4.0.tgz#583b1aa775961d4b113ac17d9c50baef9dd76bd1"
  dependencies:
    wrappy "1"

p-finally@^1.0.0:
  version "1.0.0"
  resolved "http://localhost:8080/p-finally/-/p-finally-1.0.0.tgz#3fbcfb15b899a44123b34b6dcc18b724336a2cae"

p-limit@^1.1.0:
  version "1.3.0"
  resolved "http://localhost:8080/p-limit/-/p-limit-1.3.0.tgz#b86bd5f0c25690911c7590fcbfc2010d54b3ccb8"
  dependencies:
    p-try "^1.0.0"

p-locate@^2.0.0:
  version "2.0.0"
  resolved "http://localhost:8080/p-locate/-/p-locate-2.0.0.tgz#20a0103b222a70c8fd39cc2e580680f3dde5ec43"
  dependencies:
    p-limit "^1.1.0"

p-try@^1.0.0:
  version "1.0.0"
  resolved "http://localhost:8080/p-try/-/p-try-1.0.0.tgz#cbc79cdbaf8fd4228e13f621f2b1a237c1b207b3"

path-exists@^3.0.0:
  version "3.0.0"
  resolved "http://localhost:8080/path-exists/-/path-exists-3.0.0.tgz#ce0ebeaa5f78cb18925ea7d810d7b59b010fd515"

path-is-absolute@^1.0.0:
  version "1.0.1"
  resolved "http://localhost:8080/path-is-absolute/-/path-is-absolute-1.0.1.tgz#174b9268735534ffbc7ace6bf53a5a9e1b5c5f5f"

path-key@^2.0.0:
  version "2.0.1"
  resolved "http://localhost:8080/path-key/-/path-key-2.0.1.tgz#411cadb574c5a140d3a4b1910d40d80cc9f40b40"

path-posix@~1.0.0:
  version "1.0.0"
  resolved "http://localhost:8080/path-posix/-/path-posix-1.0.0.tgz#06b26113f56beab042545a23bfa88003ccac260f"

postcss@^6.0.14:
  version "6.0.23"
  resolved "http://localhost:8080/postcss/-/postcss-6.0.23.tgz#61c82cc328ac60e677645f979054eb98bc0e3324"
  dependencies:
    chalk "^2.4.1"
    source-map "^0.6.1"
    supports-color "^5.4.0"

prettier@1.14.2:
  version "1.14.2"
  resolved "http://localhost:8080/prettier/-/prettier-1.14.2.tgz#0ac1c6e1a90baa22a62925f41963c841983282f9"

pretty-quick@^1.6.0:
  version "1.8.0"
  resolved "http://localhost:8080/pretty-quick/-/pretty-quick-1.8.0.tgz#067ebe744ddb4e1ed4e1ee1af9648815121f78fc"
  dependencies:
    chalk "^2.3.0"
    execa "^0.8.0"
    find-up "^2.1.0"
    ignore "^3.3.7"
    mri "^1.1.0"

promise@^7.1.1:
  version "7.3.1"
  resolved "http://localhost:8080/promise/-/promise-7.3.1.tgz#064b72602b18f90f29192b8b1bc418ffd1ebd3bf"
  dependencies:
    asap "~2.0.3"

prop-types@^15.6.0, prop-types@^15.6.2:
  version "15.6.2"
  resolved "http://localhost:8080/prop-types/-/prop-types-15.6.2.tgz#05d5ca77b4453e985d60fc7ff8c859094a497102"
  dependencies:
    loose-envify "^1.3.1"
    object-assign "^4.1.1"

pseudomap@^1.0.2:
  version "1.0.2"
  resolved "http://localhost:8080/pseudomap/-/pseudomap-1.0.2.tgz#f052a28da70e618917ef0a8ac34c1ae5a68286b3"

querystringify@^2.0.0:
  version "2.1.0"
  resolved "http://localhost:8080/querystringify/-/querystringify-2.1.0.tgz#7ded8dfbf7879dcc60d0a644ac6754b283ad17ef"

react-dom@^16.0.0:
  version "16.6.3"
  resolved "http://localhost:8080/react-dom/-/react-dom-16.6.3.tgz#8fa7ba6883c85211b8da2d0efeffc9d3825cccc0"
  dependencies:
    loose-envify "^1.1.0"
    object-assign "^4.1.1"
    prop-types "^15.6.2"
    scheduler "^0.11.2"

react-dom@~16.4.2:
  version "16.4.2"
  resolved "http://localhost:8080/react-dom/-/react-dom-16.4.2.tgz#4afed569689f2c561d2b8da0b819669c38a0bda4"
  dependencies:
    fbjs "^0.8.16"
    loose-envify "^1.1.0"
    object-assign "^4.1.1"
    prop-types "^15.6.0"

react-lifecycles-compat@^3.0.4:
  version "3.0.4"
  resolved "http://localhost:8080/react-lifecycles-compat/-/react-lifecycles-compat-3.0.4.tgz#4f1a273afdfc8f3488a8c516bfda78f872352362"

react-toastify@^4.4.3:
  version "4.4.3"
  resolved "http://localhost:8080/react-toastify/-/react-toastify-4.4.3.tgz#bf4a514b4a160e20ad227a95bd84c9853d1f86ca"
  dependencies:
    classnames "^2.2.6"
    prop-types "^15.6.0"
    react-transition-group "^2.4.0"

react-transition-group@^2.4.0:
  version "2.5.0"
  resolved "http://localhost:8080/react-transition-group/-/react-transition-group-2.5.0.tgz#70bca0e3546102c4dc5cf3f5f57f73447cce6874"
  dependencies:
    dom-helpers "^3.3.1"
    loose-envify "^1.4.0"
    prop-types "^15.6.2"
    react-lifecycles-compat "^3.0.4"

react@^16.0.0:
  version "16.6.3"
  resolved "http://localhost:8080/react/-/react-16.6.3.tgz#25d77c91911d6bbdd23db41e70fb094cc1e0871c"
  dependencies:
    loose-envify "^1.1.0"
    object-assign "^4.1.1"
    prop-types "^15.6.2"
    scheduler "^0.11.2"

react@~16.4.2:
  version "16.4.2"
  resolved "http://localhost:8080/react/-/react-16.4.2.tgz#2cd90154e3a9d9dd8da2991149fdca3c260e129f"
  dependencies:
    fbjs "^0.8.16"
    loose-envify "^1.1.0"
    object-assign "^4.1.1"
    prop-types "^15.6.0"

readable-stream@^3.0.6:
  version "3.0.6"
  resolved "http://localhost:8080/readable-stream/-/readable-stream-3.0.6.tgz#351302e4c68b5abd6a2ed55376a7f9a25be3057a"
  dependencies:
    inherits "^2.0.3"
    string_decoder "^1.1.1"
    util-deprecate "^1.0.1"

regenerator-runtime@^0.12.0:
  version "0.12.1"
  resolved "http://localhost:8080/regenerator-runtime/-/regenerator-runtime-0.12.1.tgz#fa1a71544764c036f8c49b13a08b2594c9f8a0de"

requires-port@^1.0.0:
  version "1.0.0"
  resolved "http://localhost:8080/requires-port/-/requires-port-1.0.0.tgz#925d2601d39ac485e091cf0da5c6e694dc3dcaff"

rimraf@^2.6.1:
  version "2.6.2"
  resolved "http://localhost:8080/rimraf/-/rimraf-2.6.2.tgz#2ed8150d24a16ea8651e6d6ef0f47c4158ce7a36"
  dependencies:
    glob "^7.0.5"

safe-buffer@~5.1.0:
  version "5.1.2"
  resolved "http://localhost:8080/safe-buffer/-/safe-buffer-5.1.2.tgz#991ec69d296e0313747d59bdfd2b745c35f8828d"

"safer-buffer@>= 2.1.2 < 3":
  version "2.1.2"
  resolved "http://localhost:8080/safer-buffer/-/safer-buffer-2.1.2.tgz#44fa161b0187b9549dd84bb91802f9bd8385cd6a"

sanitize-html@~1.18.2:
  version "1.18.5"
  resolved "http://localhost:8080/sanitize-html/-/sanitize-html-1.18.5.tgz#350013d95d17f851ef8b178dfd9ca155acf2d7a0"
  dependencies:
    chalk "^2.3.0"
    htmlparser2 "^3.9.0"
    lodash.clonedeep "^4.5.0"
    lodash.escaperegexp "^4.1.2"
    lodash.isplainobject "^4.0.6"
    lodash.isstring "^4.0.1"
    lodash.mergewith "^4.6.0"
    postcss "^6.0.14"
    srcset "^1.0.0"
    xtend "^4.0.0"

scheduler@^0.11.2:
  version "0.11.2"
  resolved "http://localhost:8080/scheduler/-/scheduler-0.11.2.tgz#a8db5399d06eba5abac51b705b7151d2319d33d3"
  dependencies:
    loose-envify "^1.1.0"
    object-assign "^4.1.1"

setimmediate@^1.0.5:
  version "1.0.5"
  resolved "http://localhost:8080/setimmediate/-/setimmediate-1.0.5.tgz#290cbb232e306942d7d7ea9b83732ab7856f8285"

shebang-command@^1.2.0:
  version "1.2.0"
  resolved "http://localhost:8080/shebang-command/-/shebang-command-1.2.0.tgz#44aac65b695b03398968c39f363fee5deafdf1ea"
  dependencies:
    shebang-regex "^1.0.0"

shebang-regex@^1.0.0:
  version "1.0.0"
  resolved "http://localhost:8080/shebang-regex/-/shebang-regex-1.0.0.tgz#da42f49740c0b42db2ca9728571cb190c98efea3"

signal-exit@^3.0.0:
  version "3.0.2"
  resolved "http://localhost:8080/signal-exit/-/signal-exit-3.0.2.tgz#b5fdc08f1287ea1178628e415e25132b73646c6d"

source-map@^0.6.1:
  version "0.6.1"
  resolved "http://localhost:8080/source-map/-/source-map-0.6.1.tgz#74722af32e9614e9c287a8d0bbde48b5e2f1a263"

srcset@^1.0.0:
  version "1.0.0"
  resolved "http://localhost:8080/srcset/-/srcset-1.0.0.tgz#a5669de12b42f3b1d5e83ed03c71046fc48f41ef"
  dependencies:
    array-uniq "^1.0.2"
    number-is-nan "^1.0.0"

string_decoder@^1.1.1:
  version "1.2.0"
  resolved "http://localhost:8080/string_decoder/-/string_decoder-1.2.0.tgz#fe86e738b19544afe70469243b2a1ee9240eae8d"
  dependencies:
    safe-buffer "~5.1.0"

strip-eof@^1.0.0:
  version "1.0.0"
  resolved "http://localhost:8080/strip-eof/-/strip-eof-1.0.0.tgz#bb43ff5598a6eb05d89b59fcd129c983313606bf"

strip-indent@^2.0.0:
  version "2.0.0"
  resolved "http://localhost:8080/strip-indent/-/strip-indent-2.0.0.tgz#5ef8db295d01e6ed6cbf7aab96998d7822527b68"

supports-color@^5.3.0, supports-color@^5.4.0:
  version "5.5.0"
  resolved "http://localhost:8080/supports-color/-/supports-color-5.5.0.tgz#e2e69a44ac8772f78a1ec0b35b689df6530efc8f"
  dependencies:
    has-flag "^3.0.0"

typescript@~3.1.1:
  version "3.1.6"
  resolved "http://localhost:8080/typescript/-/typescript-3.1.6.tgz#b6543a83cfc8c2befb3f4c8fba6896f5b0c9be68"

ua-parser-js@^0.7.18:
  version "0.7.19"
  resolved "http://localhost:8080/ua-parser-js/-/ua-parser-js-0.7.19.tgz#94151be4c0a7fb1d001af7022fdaca4642659e4b"

url-parse@~1.4.3:
  version "1.4.4"
  resolved "http://localhost:8080/url-parse/-/url-parse-1.4.4.tgz#cac1556e95faa0303691fec5cf9d5a1bc34648f8"
  dependencies:
    querystringify "^2.0.0"
    requires-port "^1.0.0"

util-deprecate@^1.0.1:
  version "1.0.2"
  resolved "http://localhost:8080/util-deprecate/-/util-deprecate-1.0.2.tgz#450d4dc9fa70de732762fbd2d4a28981419a0ccf"

whatwg-fetch@>=0.10.0:
  version "3.0.0"
  resolved "http://localhost:8080/whatwg-fetch/-/whatwg-fetch-3.0.0.tgz#fc804e458cc460009b1a2b966bc8817d2578aefb"

which@^1.2.9:
  version "1.3.1"
  resolved "http://localhost:8080/which/-/which-1.3.1.tgz#a45043d54f5805316da8d62f9f50918d3da70b0a"
  dependencies:
    isexe "^2.0.0"

wrappy@1:
  version "1.0.2"
  resolved "http://localhost:8080/wrappy/-/wrappy-1.0.2.tgz#b5243d8f3ec1aa35f1364605bc0d1036e30ab69f"

xtend@^4.0.0:
  version "4.0.1"
  resolved "http://localhost:8080/xtend/-/xtend-4.0.1.tgz#a5c6d532be656e23db820efb943a1f04998d63af"

yallist@^2.1.2:
  version "2.1.2"
  resolved "http://localhost:8080/yallist/-/yallist-2.1.2.tgz#1c11f9218f076089a47dd512f93c6699a6a81d52"
